// !$*UTF8*$!
{
	archiveVersion = 1;
	classes = {
	};
	objectVersion = 50;
	objects = {

/* Begin PBXBuildFile section */
		CB41866426CDE5A000387308 /* landmarkData.json in Resources */ = {isa = PBXBuildFile; fileRef = CB41866326CDE5A000387308 /* landmarkData.json */; };
		CB41866626CE1E3F00387308 /* Landmark.swift in Sources */ = {isa = PBXBuildFile; fileRef = CB41866526CE1E3F00387308 /* Landmark.swift */; };
		CB41866826CE25D700387308 /* ModelData.swift in Sources */ = {isa = PBXBuildFile; fileRef = CB41866726CE25D700387308 /* ModelData.swift */; };
		CB41866D26CE647300387308 /* LandmarkFlow.swift in Sources */ = {isa = PBXBuildFile; fileRef = CB41866C26CE647300387308 /* LandmarkFlow.swift */; };
		CB4C498E26CB4A0D00D2F723 /* CircleImage.swift in Sources */ = {isa = PBXBuildFile; fileRef = CB4C498D26CB4A0D00D2F723 /* CircleImage.swift */; };
		CB4C499026CB5AEF00D2F723 /* MapView.swift in Sources */ = {isa = PBXBuildFile; fileRef = CB4C498F26CB5AEF00D2F723 /* MapView.swift */; };
		CBC262A826C60BA100BFFCCD /* LandmarksApp.swift in Sources */ = {isa = PBXBuildFile; fileRef = CBC262A726C60BA100BFFCCD /* LandmarksApp.swift */; };
		CBC262AA26C60BA100BFFCCD /* ContentView.swift in Sources */ = {isa = PBXBuildFile; fileRef = CBC262A926C60BA100BFFCCD /* ContentView.swift */; };
		CBC262AC26C60BA200BFFCCD /* Assets.xcassets in Resources */ = {isa = PBXBuildFile; fileRef = CBC262AB26C60BA200BFFCCD /* Assets.xcassets */; };
		CBC262AF26C60BA200BFFCCD /* Preview Assets.xcassets in Resources */ = {isa = PBXBuildFile; fileRef = CBC262AE26C60BA200BFFCCD /* Preview Assets.xcassets */; };
/* End PBXBuildFile section */

/* Begin PBXFileReference section */
		CB41866326CDE5A000387308 /* landmarkData.json */ = {isa = PBXFileReference; fileEncoding = 4; lastKnownFileType = text.json; name = landmarkData.json; path = Landmarks/landmarkData.json; sourceTree = SOURCE_ROOT; };
		CB41866526CE1E3F00387308 /* Landmark.swift */ = {isa = PBXFileReference; lastKnownFileType = sourcecode.swift; path = Landmark.swift; sourceTree = "<group>"; };
		CB41866726CE25D700387308 /* ModelData.swift */ = {isa = PBXFileReference; lastKnownFileType = sourcecode.swift; path = ModelData.swift; sourceTree = "<group>"; };
		CB41866C26CE647300387308 /* LandmarkFlow.swift */ = {isa = PBXFileReference; lastKnownFileType = sourcecode.swift; path = LandmarkFlow.swift; sourceTree = "<group>"; };
		CB4C498D26CB4A0D00D2F723 /* CircleImage.swift */ = {isa = PBXFileReference; lastKnownFileType = sourcecode.swift; path = CircleImage.swift; sourceTree = "<group>"; };
		CB4C498F26CB5AEF00D2F723 /* MapView.swift */ = {isa = PBXFileReference; lastKnownFileType = sourcecode.swift; path = MapView.swift; sourceTree = "<group>"; };
		CBC262A426C60BA100BFFCCD /* Landmarks.app */ = {isa = PBXFileReference; explicitFileType = wrapper.application; includeInIndex = 0; path = Landmarks.app; sourceTree = BUILT_PRODUCTS_DIR; };
		CBC262A726C60BA100BFFCCD /* LandmarksApp.swift */ = {isa = PBXFileReference; lastKnownFileType = sourcecode.swift; path = LandmarksApp.swift; sourceTree = "<group>"; };
		CBC262A926C60BA100BFFCCD /* ContentView.swift */ = {isa = PBXFileReference; lastKnownFileType = sourcecode.swift; path = ContentView.swift; sourceTree = "<group>"; };
		CBC262AB26C60BA200BFFCCD /* Assets.xcassets */ = {isa = PBXFileReference; lastKnownFileType = folder.assetcatalog; path = Assets.xcassets; sourceTree = "<group>"; };
		CBC262AE26C60BA200BFFCCD /* Preview Assets.xcassets */ = {isa = PBXFileReference; lastKnownFileType = folder.assetcatalog; path = "Preview Assets.xcassets"; sourceTree = "<group>"; };
		CBC262B026C60BA200BFFCCD /* Info.plist */ = {isa = PBXFileReference; lastKnownFileType = text.plist.xml; path = Info.plist; sourceTree = "<group>"; };
/* End PBXFileReference section */

/* Begin PBXFrameworksBuildPhase section */
		CBC262A126C60BA100BFFCCD /* Frameworks */ = {
			isa = PBXFrameworksBuildPhase;
			buildActionMask = 2147483647;
			files = (
			);
			runOnlyForDeploymentPostprocessing = 0;
		};
/* End PBXFrameworksBuildPhase section */

/* Begin PBXGroup section */
		CB41866226CDE56000387308 /* Resources */ = {
			isa = PBXGroup;
			children = (
				CB41866326CDE5A000387308 /* landmarkData.json */,
			);
			path = Resources;
			sourceTree = "<group>";
		};
		CB41866A26CE5FFF00387308 /* Views */ = {
			isa = PBXGroup;
			children = (
				CBC262A926C60BA100BFFCCD /* ContentView.swift */,
				CB4C498D26CB4A0D00D2F723 /* CircleImage.swift */,
				CB4C498F26CB5AEF00D2F723 /* MapView.swift */,
				CB41866C26CE647300387308 /* LandmarkFlow.swift */,
			);
			path = Views;
			sourceTree = "<group>";
		};
		CB41866B26CE603F00387308 /* Model */ = {
			isa = PBXGroup;
			children = (
				CB41866526CE1E3F00387308 /* Landmark.swift */,
				CB41866726CE25D700387308 /* ModelData.swift */,
			);
			path = Model;
			sourceTree = "<group>";
		};
		CBC2629B26C60BA000BFFCCD = {
			isa = PBXGroup;
			children = (
				CBC262A626C60BA100BFFCCD /* Landmarks */,
				CBC262A526C60BA100BFFCCD /* Products */,
			);
			sourceTree = "<group>";
		};
		CBC262A526C60BA100BFFCCD /* Products */ = {
			isa = PBXGroup;
			children = (
				CBC262A426C60BA100BFFCCD /* Landmarks.app */,
			);
			name = Products;
			sourceTree = "<group>";
		};
		CBC262A626C60BA100BFFCCD /* Landmarks */ = {
			isa = PBXGroup;
			children = (
				CBC262A726C60BA100BFFCCD /* LandmarksApp.swift */,
				CB41866A26CE5FFF00387308 /* Views */,
				CB41866B26CE603F00387308 /* Model */,
				CB41866226CDE56000387308 /* Resources */,
				CBC262AB26C60BA200BFFCCD /* Assets.xcassets */,
				CBC262B026C60BA200BFFCCD /* Info.plist */,
				CBC262AD26C60BA200BFFCCD /* Preview Content */,
			);
			path = Landmarks;
			sourceTree = "<group>";
		};
		CBC262AD26C60BA200BFFCCD /* Preview Content */ = {
			isa = PBXGroup;
			children = (
				CBC262AE26C60BA200BFFCCD /* Preview Assets.xcassets */,
			);
			path = "Preview Content";
			sourceTree = "<group>";
		};
/* End PBXGroup section */

/* Begin PBXNativeTarget section */
		CBC262A326C60BA100BFFCCD /* Landmarks */ = {
			isa = PBXNativeTarget;
			buildConfigurationList = CBC262B326C60BA200BFFCCD /* Build configuration list for PBXNativeTarget "Landmarks" */;
			buildPhases = (
				CBC262A026C60BA100BFFCCD /* Sources */,
				CBC262A126C60BA100BFFCCD /* Frameworks */,
				CBC262A226C60BA100BFFCCD /* Resources */,
			);
			buildRules = (
			);
			dependencies = (
			);
			name = Landmarks;
			productName = Landmarks;
			productReference = CBC262A426C60BA100BFFCCD /* Landmarks.app */;
			productType = "com.apple.product-type.application";
		};
/* End PBXNativeTarget section */

/* Begin PBXProject section */
		CBC2629C26C60BA100BFFCCD /* Project object */ = {
			isa = PBXProject;
			attributes = {
				LastSwiftUpdateCheck = 1250;
				LastUpgradeCheck = 1250;
				TargetAttributes = {
					CBC262A326C60BA100BFFCCD = {
						CreatedOnToolsVersion = 12.5.1;
					};
				};
			};
			buildConfigurationList = CBC2629F26C60BA100BFFCCD /* Build configuration list for PBXProject "Landmarks" */;
			compatibilityVersion = "Xcode 9.3";
			developmentRegion = en;
			hasScannedForEncodings = 0;
			knownRegions = (
				en,
				Base,
			);
			mainGroup = CBC2629B26C60BA000BFFCCD;
			productRefGroup = CBC262A526C60BA100BFFCCD /* Products */;
			projectDirPath = "";
			projectRoot = "";
			targets = (
				CBC262A326C60BA100BFFCCD /* Landmarks */,
			);
		};
/* End PBXProject section */

/* Begin PBXResourcesBuildPhase section */
		CBC262A226C60BA100BFFCCD /* Resources */ = {
			isa = PBXResourcesBuildPhase;
			buildActionMask = 2147483647;
			files = (
				CBC262AF26C60BA200BFFCCD /* Preview Assets.xcassets in Resources */,
				CBC262AC26C60BA200BFFCCD /* Assets.xcassets in Resources */,
				CB41866426CDE5A000387308 /* landmarkData.json in Resources */,
			);
			runOnlyForDeploymentPostprocessing = 0;
		};
/* End PBXResourcesBuildPhase section */

/* Begin PBXSourcesBuildPhase section */
		CBC262A026C60BA100BFFCCD /* Sources */ = {
			isa = PBXSourcesBuildPhase;
			buildActionMask = 2147483647;
			files = (
				CBC262AA26C60BA100BFFCCD /* ContentView.swift in Sources */,
				CB4C499026CB5AEF00D2F723 /* MapView.swift in Sources */,
				CB41866D26CE647300387308 /* LandmarkFlow.swift in Sources */,
				CBC262A826C60BA100BFFCCD /* LandmarksApp.swift in Sources */,
				CB4C498E26CB4A0D00D2F723 /* CircleImage.swift in Sources */,
				CB41866626CE1E3F00387308 /* Landmark.swift in Sources */,
				CB41866826CE25D700387308 /* ModelData.swift in Sources */,
			);
			runOnlyForDeploymentPostprocessing = 0;
		};
/* End PBXSourcesBuildPhase section */

/* Begin XCBuildConfiguration section */
		CBC262B126C60BA200BFFCCD /* Debug */ = {
			isa = XCBuildConfiguration;
			buildSettings = {
				ALWAYS_SEARCH_USER_PATHS = NO;
				CLANG_ANALYZER_NONNULL = YES;
				CLANG_ANALYZER_NUMBER_OBJECT_CONVERSION = YES_AGGRESSIVE;
				CLANG_CXX_LANGUAGE_STANDARD = "gnu++14";
				CLANG_CXX_LIBRARY = "libc++";
				CLANG_ENABLE_MODULES = YES;
				CLANG_ENABLE_OBJC_ARC = YES;
				CLANG_ENABLE_OBJC_WEAK = YES;
				CLANG_WARN_BLOCK_CAPTURE_AUTORELEASING = YES;
				CLANG_WARN_BOOL_CONVERSION = YES;
				CLANG_WARN_COMMA = YES;
				CLANG_WARN_CONSTANT_CONVERSION = YES;
				CLANG_WARN_DEPRECATED_OBJC_IMPLEMENTATIONS = YES;
				CLANG_WARN_DIRECT_OBJC_ISA_USAGE = YES_ERROR;
				CLANG_WARN_DOCUMENTATION_COMMENTS = YES;
				CLANG_WARN_EMPTY_BODY = YES;
				CLANG_WARN_ENUM_CONVERSION = YES;
				CLANG_WARN_INFINITE_RECURSION = YES;
				CLANG_WARN_INT_CONVERSION = YES;
				CLANG_WARN_NON_LITERAL_NULL_CONVERSION = YES;
				CLANG_WARN_OBJC_IMPLICIT_RETAIN_SELF = YES;
				CLANG_WARN_OBJC_LITERAL_CONVERSION = YES;
				CLANG_WARN_OBJC_ROOT_CLASS = YES_ERROR;
				CLANG_WARN_QUOTED_INCLUDE_IN_FRAMEWORK_HEADER = YES;
				CLANG_WARN_RANGE_LOOP_ANALYSIS = YES;
				CLANG_WARN_STRICT_PROTOTYPES = YES;
				CLANG_WARN_SUSPICIOUS_MOVE = YES;
				CLANG_WARN_UNGUARDED_AVAILABILITY = YES_AGGRESSIVE;
				CLANG_WARN_UNREACHABLE_CODE = YES;
				CLANG_WARN__DUPLICATE_METHOD_MATCH = YES;
				COPY_PHASE_STRIP = NO;
				DEBUG_INFORMATION_FORMAT = dwarf;
				ENABLE_STRICT_OBJC_MSGSEND = YES;
				ENABLE_TESTABILITY = YES;
				GCC_C_LANGUAGE_STANDARD = gnu11;
				GCC_DYNAMIC_NO_PIC = NO;
				GCC_NO_COMMON_BLOCKS = YES;
				GCC_OPTIMIZATION_LEVEL = 0;
				GCC_PREPROCESSOR_DEFINITIONS = (
					"DEBUG=1",
					"$(inherited)",
				);
				GCC_WARN_64_TO_32_BIT_CONVERSION = YES;
				GCC_WARN_ABOUT_RETURN_TYPE = YES_ERROR;
				GCC_WARN_UNDECLARED_SELECTOR = YES;
				GCC_WARN_UNINITIALIZED_AUTOS = YES_AGGRESSIVE;
				GCC_WARN_UNUSED_FUNCTION = YES;
				GCC_WARN_UNUSED_VARIABLE = YES;
				IPHONEOS_DEPLOYMENT_TARGET = 14.5;
				MTL_ENABLE_DEBUG_INFO = INCLUDE_SOURCE;
				MTL_FAST_MATH = YES;
				ONLY_ACTIVE_ARCH = YES;
				SDKROOT = iphoneos;
				SWIFT_ACTIVE_COMPILATION_CONDITIONS = DEBUG;
				SWIFT_OPTIMIZATION_LEVEL = "-Onone";
			};
			name = Debug;
		};
		CBC262B226C60BA200BFFCCD /* Release */ = {
			isa = XCBuildConfiguration;
			buildSettings = {
				ALWAYS_SEARCH_USER_PATHS = NO;
				CLANG_ANALYZER_NONNULL = YES;
				CLANG_ANALYZER_NUMBER_OBJECT_CONVERSION = YES_AGGRESSIVE;
				CLANG_CXX_LANGUAGE_STANDARD = "gnu++14";
				CLANG_CXX_LIBRARY = "libc++";
				CLANG_ENABLE_MODULES = YES;
				CLANG_ENABLE_OBJC_ARC = YES;
				CLANG_ENABLE_OBJC_WEAK = YES;
				CLANG_WARN_BLOCK_CAPTURE_AUTORELEASING = YES;
				CLANG_WARN_BOOL_CONVERSION = YES;
				CLANG_WARN_COMMA = YES;
				CLANG_WARN_CONSTANT_CONVERSION = YES;
				CLANG_WARN_DEPRECATED_OBJC_IMPLEMENTATIONS = YES;
				CLANG_WARN_DIRECT_OBJC_ISA_USAGE = YES_ERROR;
				CLANG_WARN_DOCUMENTATION_COMMENTS = YES;
				CLANG_WARN_EMPTY_BODY = YES;
				CLANG_WARN_ENUM_CONVERSION = YES;
				CLANG_WARN_INFINITE_RECURSION = YES;
				CLANG_WARN_INT_CONVERSION = YES;
				CLANG_WARN_NON_LITERAL_NULL_CONVERSION = YES;
				CLANG_WARN_OBJC_IMPLICIT_RETAIN_SELF = YES;
				CLANG_WARN_OBJC_LITERAL_CONVERSION = YES;
				CLANG_WARN_OBJC_ROOT_CLASS = YES_ERROR;
				CLANG_WARN_QUOTED_INCLUDE_IN_FRAMEWORK_HEADER = YES;
				CLANG_WARN_RANGE_LOOP_ANALYSIS = YES;
				CLANG_WARN_STRICT_PROTOTYPES = YES;
				CLANG_WARN_SUSPICIOUS_MOVE = YES;
				CLANG_WARN_UNGUARDED_AVAILABILITY = YES_AGGRESSIVE;
				CLANG_WARN_UNREACHABLE_CODE = YES;
				CLANG_WARN__DUPLICATE_METHOD_MATCH = YES;
				COPY_PHASE_STRIP = NO;
				DEBUG_INFORMATION_FORMAT = "dwarf-with-dsym";
				ENABLE_NS_ASSERTIONS = NO;
				ENABLE_STRICT_OBJC_MSGSEND = YES;
				GCC_C_LANGUAGE_STANDARD = gnu11;
				GCC_NO_COMMON_BLOCKS = YES;
				GCC_WARN_64_TO_32_BIT_CONVERSION = YES;
				GCC_WARN_ABOUT_RETURN_TYPE = YES_ERROR;
				GCC_WARN_UNDECLARED_SELECTOR = YES;
				GCC_WARN_UNINITIALIZED_AUTOS = YES_AGGRESSIVE;
				GCC_WARN_UNUSED_FUNCTION = YES;
				GCC_WARN_UNUSED_VARIABLE = YES;
				IPHONEOS_DEPLOYMENT_TARGET = 14.5;
				MTL_ENABLE_DEBUG_INFO = NO;
				MTL_FAST_MATH = YES;
				SDKROOT = iphoneos;
				SWIFT_COMPILATION_MODE = wholemodule;
				SWIFT_OPTIMIZATION_LEVEL = "-O";
				VALIDATE_PRODUCT = YES;
			};
			name = Release;
		};
		CBC262B426C60BA200BFFCCD /* Debug */ = {
			isa = XCBuildConfiguration;
			buildSettings = {
				ASSETCATALOG_COMPILER_APPICON_NAME = AppIcon;
				ASSETCATALOG_COMPILER_GLOBAL_ACCENT_COLOR_NAME = AccentColor;
				CODE_SIGN_STYLE = Automatic;
				DEVELOPMENT_ASSET_PATHS = "\"Landmarks/Preview Content\"";
				DEVELOPMENT_TEAM = 9CKYG28VY5;
				ENABLE_PREVIEWS = YES;
				INFOPLIST_FILE = Landmarks/Info.plist;
				IPHONEOS_DEPLOYMENT_TARGET = 14.0;
				LD_RUNPATH_SEARCH_PATHS = (
					"$(inherited)",
					"@executable_path/Frameworks",
				);
				PRODUCT_BUNDLE_IDENTIFIER = Rizal.Landmarks;
				PRODUCT_NAME = "$(TARGET_NAME)";
				SWIFT_VERSION = 5.0;
				TARGETED_DEVICE_FAMILY = "1,2";
			};
			name = Debug;
		};
		CBC262B526C60BA200BFFCCD /* Release */ = {
			isa = XCBuildConfiguration;
			buildSettings = {
				ASSETCATALOG_COMPILER_APPICON_NAME = AppIcon;
				ASSETCATALOG_COMPILER_GLOBAL_ACCENT_COLOR_NAME = AccentColor;
				CODE_SIGN_STYLE = Automatic;
				DEVELOPMENT_ASSET_PATHS = "\"Landmarks/Preview Content\"";
				DEVELOPMENT_TEAM = 9CKYG28VY5;
				ENABLE_PREVIEWS = YES;
				INFOPLIST_FILE = Landmarks/Info.plist;
				IPHONEOS_DEPLOYMENT_TARGET = 14.0;
				LD_RUNPATH_SEARCH_PATHS = (
					"$(inherited)",
					"@executable_path/Frameworks",
				);
				PRODUCT_BUNDLE_IDENTIFIER = Rizal.Landmarks;
				PRODUCT_NAME = "$(TARGET_NAME)";
				SWIFT_VERSION = 5.0;
				TARGETED_DEVICE_FAMILY = "1,2";
			};
			name = Release;
		};
/* End XCBuildConfiguration section */

/* Begin XCConfigurationList section */
		CBC2629F26C60BA100BFFCCD /* Build configuration list for PBXProject "Landmarks" */ = {
			isa = XCConfigurationList;
			buildConfigurations = (
				CBC262B126C60BA200BFFCCD /* Debug */,
				CBC262B226C60BA200BFFCCD /* Release */,
			);
			defaultConfigurationIsVisible = 0;
			defaultConfigurationName = Release;
		};
		CBC262B326C60BA200BFFCCD /* Build configuration list for PBXNativeTarget "Landmarks" */ = {
			isa = XCConfigurationList;
			buildConfigurations = (
				CBC262B426C60BA200BFFCCD /* Debug */,
				CBC262B526C60BA200BFFCCD /* Release */,
			);
			defaultConfigurationIsVisible = 0;
			defaultConfigurationName = Release;
		};
/* End XCConfigurationList section */
	};
	rootObject = CBC2629C26C60BA100BFFCCD /* Project object */;
}
